
Microsoft Visual Studio Solution File, Format Version 12.00
# Visual Studio Version 17
VisualStudioVersion = 17.7.34221.43
MinimumVisualStudioVersion = 10.0.40219.1
Project("{FAE04EC0-301F-11D3-BF4B-00C04F79EFBC}") = "IndoFood", "IndoFood\IndoFood.csproj", "{29604B4E-0846-482B-9022-DB8D98EFA048}"
EndProject
Global
	GlobalSection(SolutionConfigurationPlatforms) = preSolution
		Debug|Any CPU = Debug|Any CPU
		Release|Any CPU = Release|Any CPU
	EndGlobalSection
	GlobalSection(ProjectConfigurationPlatforms) = postSolution
		{29604B4E-0846-482B-9022-DB8D98EFA048}.Debug|Any CPU.ActiveCfg = Debug|Any CPU
		{29604B4E-0846-482B-9022-DB8D98EFA048}.Debug|Any CPU.Build.0 = Debug|Any CPU
		{29604B4E-0846-482B-9022-DB8D98EFA048}.Release|Any CPU.ActiveCfg = Release|Any CPU
		{29604B4E-0846-482B-9022-DB8D98EFA048}.Release|Any CPU.Build.0 = Release|Any CPU
	EndGlobalSection
	GlobalSection(SolutionProperties) = preSolution
		HideSolutionNode = FALSE
	EndGlobalSection
	GlobalSection(ExtensibilityGlobals) = postSolution
		SolutionGuid = {711EC87E-7C53-44B3-9B43-8E49A19877C4}
	EndGlobalSection
EndGlobal
